
Microsoft Visual Studio Solution File, Format Version 12.00
# Visual Studio 15
VisualStudioVersion = 15.0.27703.2026
MinimumVisualStudioVersion = 10.0.40219.1
Project("{FAE04EC0-301F-11D3-BF4B-00C04F79EFBC}") = "XfTemplate.Android", "XfTemplate\XfTemplate.Android\XfTemplate.Android.csproj", "{15A13D63-C802-45D1-83CD-7C28B15A535E}"
EndProject
Project("{FAE04EC0-301F-11D3-BF4B-00C04F79EFBC}") = "XfTemplate.iOS", "XfTemplate\XfTemplate.iOS\XfTemplate.iOS.csproj", "{0BC40340-3DC0-40CD-AB36-5E020B4B1340}"
EndProject
Project("{FAE04EC0-301F-11D3-BF4B-00C04F79EFBC}") = "XfTemplate.UWP", "XfTemplate\XfTemplate.UWP\XfTemplate.UWP.csproj", "{70742887-8CBD-4FBF-9955-7FF829B7E2D1}"
EndProject
Project("{FAE04EC0-301F-11D3-BF4B-00C04F79EFBC}") = "XfTemplate", "XfTemplate\XfTemplate\XfTemplate.csproj", "{14EEC838-E8CA-4755-B6B9-D94BFD0D24DA}"
EndProject
Global
	GlobalSection(SolutionConfigurationPlatforms) = preSolution
		Ad-Hoc|Any CPU = Ad-Hoc|Any CPU
		Ad-Hoc|ARM = Ad-Hoc|ARM
		Ad-Hoc|iPhone = Ad-Hoc|iPhone
		Ad-Hoc|iPhoneSimulator = Ad-Hoc|iPhoneSimulator
		Ad-Hoc|x64 = Ad-Hoc|x64
		Ad-Hoc|x86 = Ad-Hoc|x86
		AppStore|Any CPU = AppStore|Any CPU
		AppStore|ARM = AppStore|ARM
		AppStore|iPhone = AppStore|iPhone
		AppStore|iPhoneSimulator = AppStore|iPhoneSimulator
		AppStore|x64 = AppStore|x64
		AppStore|x86 = AppStore|x86
		Debug|Any CPU = Debug|Any CPU
		Debug|ARM = Debug|ARM
		Debug|iPhone = Debug|iPhone
		Debug|iPhoneSimulator = Debug|iPhoneSimulator
		Debug|x64 = Debug|x64
		Debug|x86 = Debug|x86
		Release|Any CPU = Release|Any CPU
		Release|ARM = Release|ARM
		Release|iPhone = Release|iPhone
		Release|iPhoneSimulator = Release|iPhoneSimulator
		Release|x64 = Release|x64
		Release|x86 = Release|x86
	EndGlobalSection
	GlobalSection(ProjectConfigurationPlatforms) = postSolution
		{15A13D63-C802-45D1-83CD-7C28B15A535E}.Ad-Hoc|Any CPU.ActiveCfg = Release|Any CPU
		{15A13D63-C802-45D1-83CD-7C28B15A535E}.Ad-Hoc|Any CPU.Build.0 = Release|Any CPU
		{15A13D63-C802-45D1-83CD-7C28B15A535E}.Ad-Hoc|Any CPU.Deploy.0 = Release|Any CPU
		{15A13D63-C802-45D1-83CD-7C28B15A535E}.Ad-Hoc|ARM.ActiveCfg = Release|Any CPU
		{15A13D63-C802-45D1-83CD-7C28B15A535E}.Ad-Hoc|ARM.Build.0 = Release|Any CPU
		{15A13D63-C802-45D1-83CD-7C28B15A535E}.Ad-Hoc|ARM.Deploy.0 = Release|Any CPU
		{15A13D63-C802-45D1-83CD-7C28B15A535E}.Ad-Hoc|iPhone.ActiveCfg = Release|Any CPU
		{15A13D63-C802-45D1-83CD-7C28B15A535E}.Ad-Hoc|iPhone.Build.0 = Release|Any CPU
		{15A13D63-C802-45D1-83CD-7C28B15A535E}.Ad-Hoc|iPhone.Deploy.0 = Release|Any CPU
		{15A13D63-C802-45D1-83CD-7C28B15A535E}.Ad-Hoc|iPhoneSimulator.ActiveCfg = Release|Any CPU
		{15A13D63-C802-45D1-83CD-7C28B15A535E}.Ad-Hoc|iPhoneSimulator.Build.0 = Release|Any CPU
		{15A13D63-C802-45D1-83CD-7C28B15A535E}.Ad-Hoc|iPhoneSimulator.Deploy.0 = Release|Any CPU
		{15A13D63-C802-45D1-83CD-7C28B15A535E}.Ad-Hoc|x64.ActiveCfg = Release|Any CPU
		{15A13D63-C802-45D1-83CD-7C28B15A535E}.Ad-Hoc|x64.Build.0 = Release|Any CPU
		{15A13D63-C802-45D1-83CD-7C28B15A535E}.Ad-Hoc|x64.Deploy.0 = Release|Any CPU
		{15A13D63-C802-45D1-83CD-7C28B15A535E}.Ad-Hoc|x86.ActiveCfg = Release|Any CPU
		{15A13D63-C802-45D1-83CD-7C28B15A535E}.Ad-Hoc|x86.Build.0 = Release|Any CPU
		{15A13D63-C802-45D1-83CD-7C28B15A535E}.Ad-Hoc|x86.Deploy.0 = Release|Any CPU
		{15A13D63-C802-45D1-83CD-7C28B15A535E}.AppStore|Any CPU.ActiveCfg = Release|Any CPU
		{15A13D63-C802-45D1-83CD-7C28B15A535E}.AppStore|Any CPU.Build.0 = Release|Any CPU
		{15A13D63-C802-45D1-83CD-7C28B15A535E}.AppStore|Any CPU.Deploy.0 = Release|Any CPU
		{15A13D63-C802-45D1-83CD-7C28B15A535E}.AppStore|ARM.ActiveCfg = Release|Any CPU
		{15A13D63-C802-45D1-83CD-7C28B15A535E}.AppStore|ARM.Build.0 = Release|Any CPU
		{15A13D63-C802-45D1-83CD-7C28B15A535E}.AppStore|ARM.Deploy.0 = Release|Any CPU
		{15A13D63-C802-45D1-83CD-7C28B15A535E}.AppStore|iPhone.ActiveCfg = Release|Any CPU
		{15A13D63-C802-45D1-83CD-7C28B15A535E}.AppStore|iPhone.Build.0 = Release|Any CPU
		{15A13D63-C802-45D1-83CD-7C28B15A535E}.AppStore|iPhone.Deploy.0 = Release|Any CPU
		{15A13D63-C802-45D1-83CD-7C28B15A535E}.AppStore|iPhoneSimulator.ActiveCfg = Release|Any CPU
		{15A13D63-C802-45D1-83CD-7C28B15A535E}.AppStore|iPhoneSimulator.Build.0 = Release|Any CPU
		{15A13D63-C802-45D1-83CD-7C28B15A535E}.AppStore|iPhoneSimulator.Deploy.0 = Release|Any CPU
		{15A13D63-C802-45D1-83CD-7C28B15A535E}.AppStore|x64.ActiveCfg = Release|Any CPU
		{15A13D63-C802-45D1-83CD-7C28B15A535E}.AppStore|x64.Build.0 = Release|Any CPU
		{15A13D63-C802-45D1-83CD-7C28B15A535E}.AppStore|x64.Deploy.0 = Release|Any CPU
		{15A13D63-C802-45D1-83CD-7C28B15A535E}.AppStore|x86.ActiveCfg = Release|Any CPU
		{15A13D63-C802-45D1-83CD-7C28B15A535E}.AppStore|x86.Build.0 = Release|Any CPU
		{15A13D63-C802-45D1-83CD-7C28B15A535E}.AppStore|x86.Deploy.0 = Release|Any CPU
		{15A13D63-C802-45D1-83CD-7C28B15A535E}.Debug|Any CPU.ActiveCfg = Debug|Any CPU
		{15A13D63-C802-45D1-83CD-7C28B15A535E}.Debug|Any CPU.Build.0 = Debug|Any CPU
		{15A13D63-C802-45D1-83CD-7C28B15A535E}.Debug|Any CPU.Deploy.0 = Debug|Any CPU
		{15A13D63-C802-45D1-83CD-7C28B15A535E}.Debug|ARM.ActiveCfg = Debug|Any CPU
		{15A13D63-C802-45D1-83CD-7C28B15A535E}.Debug|ARM.Build.0 = Debug|Any CPU
		{15A13D63-C802-45D1-83CD-7C28B15A535E}.Debug|ARM.Deploy.0 = Debug|Any CPU
		{15A13D63-C802-45D1-83CD-7C28B15A535E}.Debug|iPhone.ActiveCfg = Debug|Any CPU
		{15A13D63-C802-45D1-83CD-7C28B15A535E}.Debug|iPhone.Build.0 = Debug|Any CPU
		{15A13D63-C802-45D1-83CD-7C28B15A535E}.Debug|iPhone.Deploy.0 = Debug|Any CPU
		{15A13D63-C802-45D1-83CD-7C28B15A535E}.Debug|iPhoneSimulator.ActiveCfg = Debug|Any CPU
		{15A13D63-C802-45D1-83CD-7C28B15A535E}.Debug|iPhoneSimulator.Build.0 = Debug|Any CPU
		{15A13D63-C802-45D1-83CD-7C28B15A535E}.Debug|iPhoneSimulator.Deploy.0 = Debug|Any CPU
		{15A13D63-C802-45D1-83CD-7C28B15A535E}.Debug|x64.ActiveCfg = Debug|Any CPU
		{15A13D63-C802-45D1-83CD-7C28B15A535E}.Debug|x64.Build.0 = Debug|Any CPU
		{15A13D63-C802-45D1-83CD-7C28B15A535E}.Debug|x64.Deploy.0 = Debug|Any CPU
		{15A13D63-C802-45D1-83CD-7C28B15A535E}.Debug|x86.ActiveCfg = Debug|Any CPU
		{15A13D63-C802-45D1-83CD-7C28B15A535E}.Debug|x86.Build.0 = Debug|Any CPU
		{15A13D63-C802-45D1-83CD-7C28B15A535E}.Debug|x86.Deploy.0 = Debug|Any CPU
		{15A13D63-C802-45D1-83CD-7C28B15A535E}.Release|Any CPU.ActiveCfg = Release|Any CPU
		{15A13D63-C802-45D1-83CD-7C28B15A535E}.Release|Any CPU.Build.0 = Release|Any CPU
		{15A13D63-C802-45D1-83CD-7C28B15A535E}.Release|Any CPU.Deploy.0 = Release|Any CPU
		{15A13D63-C802-45D1-83CD-7C28B15A535E}.Release|ARM.ActiveCfg = Release|Any CPU
		{15A13D63-C802-45D1-83CD-7C28B15A535E}.Release|ARM.Build.0 = Release|Any CPU
		{15A13D63-C802-45D1-83CD-7C28B15A535E}.Release|ARM.Deploy.0 = Release|Any CPU
		{15A13D63-C802-45D1-83CD-7C28B15A535E}.Release|iPhone.ActiveCfg = Release|Any CPU
		{15A13D63-C802-45D1-83CD-7C28B15A535E}.Release|iPhone.Build.0 = Release|Any CPU
		{15A13D63-C802-45D1-83CD-7C28B15A535E}.Release|iPhone.Deploy.0 = Release|Any CPU
		{15A13D63-C802-45D1-83CD-7C28B15A535E}.Release|iPhoneSimulator.ActiveCfg = Release|Any CPU
		{15A13D63-C802-45D1-83CD-7C28B15A535E}.Release|iPhoneSimulator.Build.0 = Release|Any CPU
		{15A13D63-C802-45D1-83CD-7C28B15A535E}.Release|iPhoneSimulator.Deploy.0 = Release|Any CPU
		{15A13D63-C802-45D1-83CD-7C28B15A535E}.Release|x64.ActiveCfg = Release|Any CPU
		{15A13D63-C802-45D1-83CD-7C28B15A535E}.Release|x64.Build.0 = Release|Any CPU
		{15A13D63-C802-45D1-83CD-7C28B15A535E}.Release|x64.Deploy.0 = Release|Any CPU
		{15A13D63-C802-45D1-83CD-7C28B15A535E}.Release|x86.ActiveCfg = Release|Any CPU
		{15A13D63-C802-45D1-83CD-7C28B15A535E}.Release|x86.Build.0 = Release|Any CPU
		{15A13D63-C802-45D1-83CD-7C28B15A535E}.Release|x86.Deploy.0 = Release|Any CPU
		{0BC40340-3DC0-40CD-AB36-5E020B4B1340}.Ad-Hoc|Any CPU.ActiveCfg = Ad-Hoc|iPhone
		{0BC40340-3DC0-40CD-AB36-5E020B4B1340}.Ad-Hoc|Any CPU.Build.0 = Ad-Hoc|iPhone
		{0BC40340-3DC0-40CD-AB36-5E020B4B1340}.Ad-Hoc|Any CPU.Deploy.0 = Ad-Hoc|iPhone
		{0BC40340-3DC0-40CD-AB36-5E020B4B1340}.Ad-Hoc|ARM.ActiveCfg = Ad-Hoc|iPhone
		{0BC40340-3DC0-40CD-AB36-5E020B4B1340}.Ad-Hoc|ARM.Build.0 = Ad-Hoc|iPhone
		{0BC40340-3DC0-40CD-AB36-5E020B4B1340}.Ad-Hoc|ARM.Deploy.0 = Ad-Hoc|iPhone
		{0BC40340-3DC0-40CD-AB36-5E020B4B1340}.Ad-Hoc|iPhone.ActiveCfg = Ad-Hoc|iPhone
		{0BC40340-3DC0-40CD-AB36-5E020B4B1340}.Ad-Hoc|iPhone.Build.0 = Ad-Hoc|iPhone
		{0BC40340-3DC0-40CD-AB36-5E020B4B1340}.Ad-Hoc|iPhone.Deploy.0 = Ad-Hoc|iPhone
		{0BC40340-3DC0-40CD-AB36-5E020B4B1340}.Ad-Hoc|iPhoneSimulator.ActiveCfg = Ad-Hoc|iPhoneSimulator
		{0BC40340-3DC0-40CD-AB36-5E020B4B1340}.Ad-Hoc|iPhoneSimulator.Build.0 = Ad-Hoc|iPhoneSimulator
		{0BC40340-3DC0-40CD-AB36-5E020B4B1340}.Ad-Hoc|iPhoneSimulator.Deploy.0 = Ad-Hoc|iPhoneSimulator
		{0BC40340-3DC0-40CD-AB36-5E020B4B1340}.Ad-Hoc|x64.ActiveCfg = Ad-Hoc|iPhone
		{0BC40340-3DC0-40CD-AB36-5E020B4B1340}.Ad-Hoc|x64.Build.0 = Ad-Hoc|iPhone
		{0BC40340-3DC0-40CD-AB36-5E020B4B1340}.Ad-Hoc|x64.Deploy.0 = Ad-Hoc|iPhone
		{0BC40340-3DC0-40CD-AB36-5E020B4B1340}.Ad-Hoc|x86.ActiveCfg = Ad-Hoc|iPhone
		{0BC40340-3DC0-40CD-AB36-5E020B4B1340}.Ad-Hoc|x86.Build.0 = Ad-Hoc|iPhone
		{0BC40340-3DC0-40CD-AB36-5E020B4B1340}.Ad-Hoc|x86.Deploy.0 = Ad-Hoc|iPhone
		{0BC40340-3DC0-40CD-AB36-5E020B4B1340}.AppStore|Any CPU.ActiveCfg = AppStore|iPhone
		{0BC40340-3DC0-40CD-AB36-5E020B4B1340}.AppStore|Any CPU.Build.0 = AppStore|iPhone
		{0BC40340-3DC0-40CD-AB36-5E020B4B1340}.AppStore|Any CPU.Deploy.0 = AppStore|iPhone
		{0BC40340-3DC0-40CD-AB36-5E020B4B1340}.AppStore|ARM.ActiveCfg = AppStore|iPhone
		{0BC40340-3DC0-40CD-AB36-5E020B4B1340}.AppStore|ARM.Build.0 = AppStore|iPhone
		{0BC40340-3DC0-40CD-AB36-5E020B4B1340}.AppStore|ARM.Deploy.0 = AppStore|iPhone
		{0BC40340-3DC0-40CD-AB36-5E020B4B1340}.AppStore|iPhone.ActiveCfg = AppStore|iPhone
		{0BC40340-3DC0-40CD-AB36-5E020B4B1340}.AppStore|iPhone.Build.0 = AppStore|iPhone
		{0BC40340-3DC0-40CD-AB36-5E020B4B1340}.AppStore|iPhone.Deploy.0 = AppStore|iPhone
		{0BC40340-3DC0-40CD-AB36-5E020B4B1340}.AppStore|iPhoneSimulator.ActiveCfg = AppStore|iPhoneSimulator
		{0BC40340-3DC0-40CD-AB36-5E020B4B1340}.AppStore|iPhoneSimulator.Build.0 = AppStore|iPhoneSimulator
		{0BC40340-3DC0-40CD-AB36-5E020B4B1340}.AppStore|iPhoneSimulator.Deploy.0 = AppStore|iPhoneSimulator
		{0BC40340-3DC0-40CD-AB36-5E020B4B1340}.AppStore|x64.ActiveCfg = AppStore|iPhone
		{0BC40340-3DC0-40CD-AB36-5E020B4B1340}.AppStore|x64.Build.0 = AppStore|iPhone
		{0BC40340-3DC0-40CD-AB36-5E020B4B1340}.AppStore|x64.Deploy.0 = AppStore|iPhone
		{0BC40340-3DC0-40CD-AB36-5E020B4B1340}.AppStore|x86.ActiveCfg = AppStore|iPhone
		{0BC40340-3DC0-40CD-AB36-5E020B4B1340}.AppStore|x86.Build.0 = AppStore|iPhone
		{0BC40340-3DC0-40CD-AB36-5E020B4B1340}.AppStore|x86.Deploy.0 = AppStore|iPhone
		{0BC40340-3DC0-40CD-AB36-5E020B4B1340}.Debug|Any CPU.ActiveCfg = Debug|iPhoneSimulator
		{0BC40340-3DC0-40CD-AB36-5E020B4B1340}.Debug|Any CPU.Build.0 = Debug|iPhoneSimulator
		{0BC40340-3DC0-40CD-AB36-5E020B4B1340}.Debug|Any CPU.Deploy.0 = Debug|iPhoneSimulator
		{0BC40340-3DC0-40CD-AB36-5E020B4B1340}.Debug|ARM.ActiveCfg = Debug|iPhone
		{0BC40340-3DC0-40CD-AB36-5E020B4B1340}.Debug|ARM.Build.0 = Debug|iPhone
		{0BC40340-3DC0-40CD-AB36-5E020B4B1340}.Debug|ARM.Deploy.0 = Debug|iPhone
		{0BC40340-3DC0-40CD-AB36-5E020B4B1340}.Debug|iPhone.ActiveCfg = Debug|iPhone
		{0BC40340-3DC0-40CD-AB36-5E020B4B1340}.Debug|iPhone.Build.0 = Debug|iPhone
		{0BC40340-3DC0-40CD-AB36-5E020B4B1340}.Debug|iPhone.Deploy.0 = Debug|iPhone
		{0BC40340-3DC0-40CD-AB36-5E020B4B1340}.Debug|iPhoneSimulator.ActiveCfg = Debug|iPhoneSimulator
		{0BC40340-3DC0-40CD-AB36-5E020B4B1340}.Debug|iPhoneSimulator.Build.0 = Debug|iPhoneSimulator
		{0BC40340-3DC0-40CD-AB36-5E020B4B1340}.Debug|iPhoneSimulator.Deploy.0 = Debug|iPhoneSimulator
		{0BC40340-3DC0-40CD-AB36-5E020B4B1340}.Debug|x64.ActiveCfg = Debug|iPhone
		{0BC40340-3DC0-40CD-AB36-5E020B4B1340}.Debug|x64.Build.0 = Debug|iPhone
		{0BC40340-3DC0-40CD-AB36-5E020B4B1340}.Debug|x64.Deploy.0 = Debug|iPhone
		{0BC40340-3DC0-40CD-AB36-5E020B4B1340}.Debug|x86.ActiveCfg = Debug|iPhone
		{0BC40340-3DC0-40CD-AB36-5E020B4B1340}.Debug|x86.Build.0 = Debug|iPhone
		{0BC40340-3DC0-40CD-AB36-5E020B4B1340}.Debug|x86.Deploy.0 = Debug|iPhone
		{0BC40340-3DC0-40CD-AB36-5E020B4B1340}.Release|Any CPU.ActiveCfg = Release|iPhone
		{0BC40340-3DC0-40CD-AB36-5E020B4B1340}.Release|Any CPU.Build.0 = Release|iPhone
		{0BC40340-3DC0-40CD-AB36-5E020B4B1340}.Release|Any CPU.Deploy.0 = Release|iPhone
		{0BC40340-3DC0-40CD-AB36-5E020B4B1340}.Release|ARM.ActiveCfg = Release|iPhone
		{0BC40340-3DC0-40CD-AB36-5E020B4B1340}.Release|ARM.Build.0 = Release|iPhone
		{0BC40340-3DC0-40CD-AB36-5E020B4B1340}.Release|ARM.Deploy.0 = Release|iPhone
		{0BC40340-3DC0-40CD-AB36-5E020B4B1340}.Release|iPhone.ActiveCfg = Release|iPhone
		{0BC40340-3DC0-40CD-AB36-5E020B4B1340}.Release|iPhone.Build.0 = Release|iPhone
		{0BC40340-3DC0-40CD-AB36-5E020B4B1340}.Release|iPhone.Deploy.0 = Release|iPhone
		{0BC40340-3DC0-40CD-AB36-5E020B4B1340}.Release|iPhoneSimulator.ActiveCfg = Release|iPhoneSimulator
		{0BC40340-3DC0-40CD-AB36-5E020B4B1340}.Release|iPhoneSimulator.Build.0 = Release|iPhoneSimulator
		{0BC40340-3DC0-40CD-AB36-5E020B4B1340}.Release|iPhoneSimulator.Deploy.0 = Release|iPhoneSimulator
		{0BC40340-3DC0-40CD-AB36-5E020B4B1340}.Release|x64.ActiveCfg = Release|iPhone
		{0BC40340-3DC0-40CD-AB36-5E020B4B1340}.Release|x64.Build.0 = Release|iPhone
		{0BC40340-3DC0-40CD-AB36-5E020B4B1340}.Release|x64.Deploy.0 = Release|iPhone
		{0BC40340-3DC0-40CD-AB36-5E020B4B1340}.Release|x86.ActiveCfg = Release|iPhone
		{0BC40340-3DC0-40CD-AB36-5E020B4B1340}.Release|x86.Build.0 = Release|iPhone
		{0BC40340-3DC0-40CD-AB36-5E020B4B1340}.Release|x86.Deploy.0 = Release|iPhone
		{70742887-8CBD-4FBF-9955-7FF829B7E2D1}.Ad-Hoc|Any CPU.ActiveCfg = Release|x86
		{70742887-8CBD-4FBF-9955-7FF829B7E2D1}.Ad-Hoc|Any CPU.Build.0 = Release|x86
		{70742887-8CBD-4FBF-9955-7FF829B7E2D1}.Ad-Hoc|Any CPU.Deploy.0 = Release|x86
		{70742887-8CBD-4FBF-9955-7FF829B7E2D1}.Ad-Hoc|ARM.ActiveCfg = Release|ARM
		{70742887-8CBD-4FBF-9955-7FF829B7E2D1}.Ad-Hoc|ARM.Build.0 = Release|ARM
		{70742887-8CBD-4FBF-9955-7FF829B7E2D1}.Ad-Hoc|ARM.Deploy.0 = Release|ARM
		{70742887-8CBD-4FBF-9955-7FF829B7E2D1}.Ad-Hoc|iPhone.ActiveCfg = Release|x86
		{70742887-8CBD-4FBF-9955-7FF829B7E2D1}.Ad-Hoc|iPhone.Build.0 = Release|x86
		{70742887-8CBD-4FBF-9955-7FF829B7E2D1}.Ad-Hoc|iPhone.Deploy.0 = Release|x86
		{70742887-8CBD-4FBF-9955-7FF829B7E2D1}.Ad-Hoc|iPhoneSimulator.ActiveCfg = Release|x86
		{70742887-8CBD-4FBF-9955-7FF829B7E2D1}.Ad-Hoc|iPhoneSimulator.Build.0 = Release|x86
		{70742887-8CBD-4FBF-9955-7FF829B7E2D1}.Ad-Hoc|iPhoneSimulator.Deploy.0 = Release|x86
		{70742887-8CBD-4FBF-9955-7FF829B7E2D1}.Ad-Hoc|x64.ActiveCfg = Release|x64
		{70742887-8CBD-4FBF-9955-7FF829B7E2D1}.Ad-Hoc|x64.Build.0 = Release|x64
		{70742887-8CBD-4FBF-9955-7FF829B7E2D1}.Ad-Hoc|x64.Deploy.0 = Release|x64
		{70742887-8CBD-4FBF-9955-7FF829B7E2D1}.Ad-Hoc|x86.ActiveCfg = Release|x86
		{70742887-8CBD-4FBF-9955-7FF829B7E2D1}.Ad-Hoc|x86.Build.0 = Release|x86
		{70742887-8CBD-4FBF-9955-7FF829B7E2D1}.Ad-Hoc|x86.Deploy.0 = Release|x86
		{70742887-8CBD-4FBF-9955-7FF829B7E2D1}.AppStore|Any CPU.ActiveCfg = Release|x86
		{70742887-8CBD-4FBF-9955-7FF829B7E2D1}.AppStore|Any CPU.Build.0 = Release|x86
		{70742887-8CBD-4FBF-9955-7FF829B7E2D1}.AppStore|Any CPU.Deploy.0 = Release|x86
		{70742887-8CBD-4FBF-9955-7FF829B7E2D1}.AppStore|ARM.ActiveCfg = Release|ARM
		{70742887-8CBD-4FBF-9955-7FF829B7E2D1}.AppStore|ARM.Build.0 = Release|ARM
		{70742887-8CBD-4FBF-9955-7FF829B7E2D1}.AppStore|ARM.Deploy.0 = Release|ARM
		{70742887-8CBD-4FBF-9955-7FF829B7E2D1}.AppStore|iPhone.ActiveCfg = Release|x86
		{70742887-8CBD-4FBF-9955-7FF829B7E2D1}.AppStore|iPhone.Build.0 = Release|x86
		{70742887-8CBD-4FBF-9955-7FF829B7E2D1}.AppStore|iPhone.Deploy.0 = Release|x86
		{70742887-8CBD-4FBF-9955-7FF829B7E2D1}.AppStore|iPhoneSimulator.ActiveCfg = Release|x86
		{70742887-8CBD-4FBF-9955-7FF829B7E2D1}.AppStore|iPhoneSimulator.Build.0 = Release|x86
		{70742887-8CBD-4FBF-9955-7FF829B7E2D1}.AppStore|iPhoneSimulator.Deploy.0 = Release|x86
		{70742887-8CBD-4FBF-9955-7FF829B7E2D1}.AppStore|x64.ActiveCfg = Release|x64
		{70742887-8CBD-4FBF-9955-7FF829B7E2D1}.AppStore|x64.Build.0 = Release|x64
		{70742887-8CBD-4FBF-9955-7FF829B7E2D1}.AppStore|x64.Deploy.0 = Release|x64
		{70742887-8CBD-4FBF-9955-7FF829B7E2D1}.AppStore|x86.ActiveCfg = Release|x86
		{70742887-8CBD-4FBF-9955-7FF829B7E2D1}.AppStore|x86.Build.0 = Release|x86
		{70742887-8CBD-4FBF-9955-7FF829B7E2D1}.AppStore|x86.Deploy.0 = Release|x86
		{70742887-8CBD-4FBF-9955-7FF829B7E2D1}.Debug|Any CPU.ActiveCfg = Debug|x86
		{70742887-8CBD-4FBF-9955-7FF829B7E2D1}.Debug|Any CPU.Build.0 = Debug|x86
		{70742887-8CBD-4FBF-9955-7FF829B7E2D1}.Debug|Any CPU.Deploy.0 = Debug|x86
		{70742887-8CBD-4FBF-9955-7FF829B7E2D1}.Debug|ARM.ActiveCfg = Debug|ARM
		{70742887-8CBD-4FBF-9955-7FF829B7E2D1}.Debug|ARM.Build.0 = Debug|ARM
		{70742887-8CBD-4FBF-9955-7FF829B7E2D1}.Debug|ARM.Deploy.0 = Debug|ARM
		{70742887-8CBD-4FBF-9955-7FF829B7E2D1}.Debug|iPhone.ActiveCfg = Debug|x86
		{70742887-8CBD-4FBF-9955-7FF829B7E2D1}.Debug|iPhone.Build.0 = Debug|x86
		{70742887-8CBD-4FBF-9955-7FF829B7E2D1}.Debug|iPhone.Deploy.0 = Debug|x86
		{70742887-8CBD-4FBF-9955-7FF829B7E2D1}.Debug|iPhoneSimulator.ActiveCfg = Debug|x86
		{70742887-8CBD-4FBF-9955-7FF829B7E2D1}.Debug|iPhoneSimulator.Build.0 = Debug|x86
		{70742887-8CBD-4FBF-9955-7FF829B7E2D1}.Debug|iPhoneSimulator.Deploy.0 = Debug|x86
		{70742887-8CBD-4FBF-9955-7FF829B7E2D1}.Debug|x64.ActiveCfg = Debug|x64
		{70742887-8CBD-4FBF-9955-7FF829B7E2D1}.Debug|x64.Build.0 = Debug|x64
		{70742887-8CBD-4FBF-9955-7FF829B7E2D1}.Debug|x64.Deploy.0 = Debug|x64
		{70742887-8CBD-4FBF-9955-7FF829B7E2D1}.Debug|x86.ActiveCfg = Debug|x86
		{70742887-8CBD-4FBF-9955-7FF829B7E2D1}.Debug|x86.Build.0 = Debug|x86
		{70742887-8CBD-4FBF-9955-7FF829B7E2D1}.Debug|x86.Deploy.0 = Debug|x86
		{70742887-8CBD-4FBF-9955-7FF829B7E2D1}.Release|Any CPU.ActiveCfg = Release|x86
		{70742887-8CBD-4FBF-9955-7FF829B7E2D1}.Release|Any CPU.Build.0 = Release|x86
		{70742887-8CBD-4FBF-9955-7FF829B7E2D1}.Release|Any CPU.Deploy.0 = Release|x86
		{70742887-8CBD-4FBF-9955-7FF829B7E2D1}.Release|ARM.ActiveCfg = Release|ARM
		{70742887-8CBD-4FBF-9955-7FF829B7E2D1}.Release|ARM.Build.0 = Release|ARM
		{70742887-8CBD-4FBF-9955-7FF829B7E2D1}.Release|ARM.Deploy.0 = Release|ARM
		{70742887-8CBD-4FBF-9955-7FF829B7E2D1}.Release|iPhone.ActiveCfg = Release|x86
		{70742887-8CBD-4FBF-9955-7FF829B7E2D1}.Release|iPhone.Build.0 = Release|x86
		{70742887-8CBD-4FBF-9955-7FF829B7E2D1}.Release|iPhone.Deploy.0 = Release|x86
		{70742887-8CBD-4FBF-9955-7FF829B7E2D1}.Release|iPhoneSimulator.ActiveCfg = Release|x86
		{70742887-8CBD-4FBF-9955-7FF829B7E2D1}.Release|iPhoneSimulator.Build.0 = Release|x86
		{70742887-8CBD-4FBF-9955-7FF829B7E2D1}.Release|iPhoneSimulator.Deploy.0 = Release|x86
		{70742887-8CBD-4FBF-9955-7FF829B7E2D1}.Release|x64.ActiveCfg = Release|x64
		{70742887-8CBD-4FBF-9955-7FF829B7E2D1}.Release|x64.Build.0 = Release|x64
		{70742887-8CBD-4FBF-9955-7FF829B7E2D1}.Release|x64.Deploy.0 = Release|x64
		{70742887-8CBD-4FBF-9955-7FF829B7E2D1}.Release|x86.ActiveCfg = Release|x86
		{70742887-8CBD-4FBF-9955-7FF829B7E2D1}.Release|x86.Build.0 = Release|x86
		{70742887-8CBD-4FBF-9955-7FF829B7E2D1}.Release|x86.Deploy.0 = Release|x86
		{14EEC838-E8CA-4755-B6B9-D94BFD0D24DA}.Ad-Hoc|Any CPU.ActiveCfg = Debug|Any CPU
		{14EEC838-E8CA-4755-B6B9-D94BFD0D24DA}.Ad-Hoc|Any CPU.Build.0 = Debug|Any CPU
		{14EEC838-E8CA-4755-B6B9-D94BFD0D24DA}.Ad-Hoc|Any CPU.Deploy.0 = Debug|Any CPU
		{14EEC838-E8CA-4755-B6B9-D94BFD0D24DA}.Ad-Hoc|ARM.ActiveCfg = Debug|Any CPU
		{14EEC838-E8CA-4755-B6B9-D94BFD0D24DA}.Ad-Hoc|ARM.Build.0 = Debug|Any CPU
		{14EEC838-E8CA-4755-B6B9-D94BFD0D24DA}.Ad-Hoc|ARM.Deploy.0 = Debug|Any CPU
		{14EEC838-E8CA-4755-B6B9-D94BFD0D24DA}.Ad-Hoc|iPhone.ActiveCfg = Debug|Any CPU
		{14EEC838-E8CA-4755-B6B9-D94BFD0D24DA}.Ad-Hoc|iPhone.Build.0 = Debug|Any CPU
		{14EEC838-E8CA-4755-B6B9-D94BFD0D24DA}.Ad-Hoc|iPhone.Deploy.0 = Debug|Any CPU
		{14EEC838-E8CA-4755-B6B9-D94BFD0D24DA}.Ad-Hoc|iPhoneSimulator.ActiveCfg = Debug|Any CPU
		{14EEC838-E8CA-4755-B6B9-D94BFD0D24DA}.Ad-Hoc|iPhoneSimulator.Build.0 = Debug|Any CPU
		{14EEC838-E8CA-4755-B6B9-D94BFD0D24DA}.Ad-Hoc|iPhoneSimulator.Deploy.0 = Debug|Any CPU
		{14EEC838-E8CA-4755-B6B9-D94BFD0D24DA}.Ad-Hoc|x64.ActiveCfg = Debug|Any CPU
		{14EEC838-E8CA-4755-B6B9-D94BFD0D24DA}.Ad-Hoc|x64.Build.0 = Debug|Any CPU
		{14EEC838-E8CA-4755-B6B9-D94BFD0D24DA}.Ad-Hoc|x64.Deploy.0 = Debug|Any CPU
		{14EEC838-E8CA-4755-B6B9-D94BFD0D24DA}.Ad-Hoc|x86.ActiveCfg = Debug|Any CPU
		{14EEC838-E8CA-4755-B6B9-D94BFD0D24DA}.Ad-Hoc|x86.Build.0 = Debug|Any CPU
		{14EEC838-E8CA-4755-B6B9-D94BFD0D24DA}.Ad-Hoc|x86.Deploy.0 = Debug|Any CPU
		{14EEC838-E8CA-4755-B6B9-D94BFD0D24DA}.AppStore|Any CPU.ActiveCfg = Debug|Any CPU
		{14EEC838-E8CA-4755-B6B9-D94BFD0D24DA}.AppStore|Any CPU.Build.0 = Debug|Any CPU
		{14EEC838-E8CA-4755-B6B9-D94BFD0D24DA}.AppStore|Any CPU.Deploy.0 = Debug|Any CPU
		{14EEC838-E8CA-4755-B6B9-D94BFD0D24DA}.AppStore|ARM.ActiveCfg = Debug|Any CPU
		{14EEC838-E8CA-4755-B6B9-D94BFD0D24DA}.AppStore|ARM.Build.0 = Debug|Any CPU
		{14EEC838-E8CA-4755-B6B9-D94BFD0D24DA}.AppStore|ARM.Deploy.0 = Debug|Any CPU
		{14EEC838-E8CA-4755-B6B9-D94BFD0D24DA}.AppStore|iPhone.ActiveCfg = Debug|Any CPU
		{14EEC838-E8CA-4755-B6B9-D94BFD0D24DA}.AppStore|iPhone.Build.0 = Debug|Any CPU
		{14EEC838-E8CA-4755-B6B9-D94BFD0D24DA}.AppStore|iPhone.Deploy.0 = Debug|Any CPU
		{14EEC838-E8CA-4755-B6B9-D94BFD0D24DA}.AppStore|iPhoneSimulator.ActiveCfg = Debug|Any CPU
		{14EEC838-E8CA-4755-B6B9-D94BFD0D24DA}.AppStore|iPhoneSimulator.Build.0 = Debug|Any CPU
		{14EEC838-E8CA-4755-B6B9-D94BFD0D24DA}.AppStore|iPhoneSimulator.Deploy.0 = Debug|Any CPU
		{14EEC838-E8CA-4755-B6B9-D94BFD0D24DA}.AppStore|x64.ActiveCfg = Debug|Any CPU
		{14EEC838-E8CA-4755-B6B9-D94BFD0D24DA}.AppStore|x64.Build.0 = Debug|Any CPU
		{14EEC838-E8CA-4755-B6B9-D94BFD0D24DA}.AppStore|x64.Deploy.0 = Debug|Any CPU
		{14EEC838-E8CA-4755-B6B9-D94BFD0D24DA}.AppStore|x86.ActiveCfg = Debug|Any CPU
		{14EEC838-E8CA-4755-B6B9-D94BFD0D24DA}.AppStore|x86.Build.0 = Debug|Any CPU
		{14EEC838-E8CA-4755-B6B9-D94BFD0D24DA}.AppStore|x86.Deploy.0 = Debug|Any CPU
		{14EEC838-E8CA-4755-B6B9-D94BFD0D24DA}.Debug|Any CPU.ActiveCfg = Debug|Any CPU
		{14EEC838-E8CA-4755-B6B9-D94BFD0D24DA}.Debug|Any CPU.Build.0 = Debug|Any CPU
		{14EEC838-E8CA-4755-B6B9-D94BFD0D24DA}.Debug|Any CPU.Deploy.0 = Debug|Any CPU
		{14EEC838-E8CA-4755-B6B9-D94BFD0D24DA}.Debug|ARM.ActiveCfg = Debug|Any CPU
		{14EEC838-E8CA-4755-B6B9-D94BFD0D24DA}.Debug|ARM.Build.0 = Debug|Any CPU
		{14EEC838-E8CA-4755-B6B9-D94BFD0D24DA}.Debug|ARM.Deploy.0 = Debug|Any CPU
		{14EEC838-E8CA-4755-B6B9-D94BFD0D24DA}.Debug|iPhone.ActiveCfg = Debug|Any CPU
		{14EEC838-E8CA-4755-B6B9-D94BFD0D24DA}.Debug|iPhone.Build.0 = Debug|Any CPU
		{14EEC838-E8CA-4755-B6B9-D94BFD0D24DA}.Debug|iPhone.Deploy.0 = Debug|Any CPU
		{14EEC838-E8CA-4755-B6B9-D94BFD0D24DA}.Debug|iPhoneSimulator.ActiveCfg = Debug|Any CPU
		{14EEC838-E8CA-4755-B6B9-D94BFD0D24DA}.Debug|iPhoneSimulator.Build.0 = Debug|Any CPU
		{14EEC838-E8CA-4755-B6B9-D94BFD0D24DA}.Debug|iPhoneSimulator.Deploy.0 = Debug|Any CPU
		{14EEC838-E8CA-4755-B6B9-D94BFD0D24DA}.Debug|x64.ActiveCfg = Debug|Any CPU
		{14EEC838-E8CA-4755-B6B9-D94BFD0D24DA}.Debug|x64.Build.0 = Debug|Any CPU
		{14EEC838-E8CA-4755-B6B9-D94BFD0D24DA}.Debug|x64.Deploy.0 = Debug|Any CPU
		{14EEC838-E8CA-4755-B6B9-D94BFD0D24DA}.Debug|x86.ActiveCfg = Debug|Any CPU
		{14EEC838-E8CA-4755-B6B9-D94BFD0D24DA}.Debug|x86.Build.0 = Debug|Any CPU
		{14EEC838-E8CA-4755-B6B9-D94BFD0D24DA}.Debug|x86.Deploy.0 = Debug|Any CPU
		{14EEC838-E8CA-4755-B6B9-D94BFD0D24DA}.Release|Any CPU.ActiveCfg = Release|Any CPU
		{14EEC838-E8CA-4755-B6B9-D94BFD0D24DA}.Release|Any CPU.Build.0 = Release|Any CPU
		{14EEC838-E8CA-4755-B6B9-D94BFD0D24DA}.Release|Any CPU.Deploy.0 = Release|Any CPU
		{14EEC838-E8CA-4755-B6B9-D94BFD0D24DA}.Release|ARM.ActiveCfg = Release|Any CPU
		{14EEC838-E8CA-4755-B6B9-D94BFD0D24DA}.Release|ARM.Build.0 = Release|Any CPU
		{14EEC838-E8CA-4755-B6B9-D94BFD0D24DA}.Release|ARM.Deploy.0 = Release|Any CPU
		{14EEC838-E8CA-4755-B6B9-D94BFD0D24DA}.Release|iPhone.ActiveCfg = Release|Any CPU
		{14EEC838-E8CA-4755-B6B9-D94BFD0D24DA}.Release|iPhone.Build.0 = Release|Any CPU
		{14EEC838-E8CA-4755-B6B9-D94BFD0D24DA}.Release|iPhone.Deploy.0 = Release|Any CPU
		{14EEC838-E8CA-4755-B6B9-D94BFD0D24DA}.Release|iPhoneSimulator.ActiveCfg = Release|Any CPU
		{14EEC838-E8CA-4755-B6B9-D94BFD0D24DA}.Release|iPhoneSimulator.Build.0 = Release|Any CPU
		{14EEC838-E8CA-4755-B6B9-D94BFD0D24DA}.Release|iPhoneSimulator.Deploy.0 = Release|Any CPU
		{14EEC838-E8CA-4755-B6B9-D94BFD0D24DA}.Release|x64.ActiveCfg = Release|Any CPU
		{14EEC838-E8CA-4755-B6B9-D94BFD0D24DA}.Release|x64.Build.0 = Release|Any CPU
		{14EEC838-E8CA-4755-B6B9-D94BFD0D24DA}.Release|x64.Deploy.0 = Release|Any CPU
		{14EEC838-E8CA-4755-B6B9-D94BFD0D24DA}.Release|x86.ActiveCfg = Release|Any CPU
		{14EEC838-E8CA-4755-B6B9-D94BFD0D24DA}.Release|x86.Build.0 = Release|Any CPU
		{14EEC838-E8CA-4755-B6B9-D94BFD0D24DA}.Release|x86.Deploy.0 = Release|Any CPU
	EndGlobalSection
	GlobalSection(SolutionProperties) = preSolution
		HideSolutionNode = FALSE
	EndGlobalSection
	GlobalSection(ExtensibilityGlobals) = postSolution
		SolutionGuid = {DFA1C3C0-06B7-4A10-96D4-BC455FE2F23F}
	EndGlobalSection
EndGlobal
